
Microsoft Visual Studio Solution File, Format Version 12.00
# Visual Studio Version 16
VisualStudioVersion = 16.0.29905.134
MinimumVisualStudioVersion = 10.0.40219.1
Project("{FAE04EC0-301F-11D3-BF4B-00C04F79EFBC}") = "MicroGameStore", "src\MicroGameStore.csproj", "{2E963069-0AFD-4726-B14F-0B262FC0E272}"
EndProject
Global
	GlobalSection(SolutionConfigurationPlatforms) = preSolution
		Debug|Any CPU = Debug|Any CPU
		Release|Any CPU = Release|Any CPU
	EndGlobalSection
	GlobalSection(ProjectConfigurationPlatforms) = postSolution
		{2E963069-0AFD-4726-B14F-0B262FC0E272}.Debug|Any CPU.ActiveCfg = Debug|Any CPU
		{2E963069-0AFD-4726-B14F-0B262FC0E272}.Debug|Any CPU.Build.0 = Debug|Any CPU
		{2E963069-0AFD-4726-B14F-0B262FC0E272}.Release|Any CPU.ActiveCfg = Release|Any CPU
		{2E963069-0AFD-4726-B14F-0B262FC0E272}.Release|Any CPU.Build.0 = Release|Any CPU
	EndGlobalSection
	GlobalSection(SolutionProperties) = preSolution
		HideSolutionNode = FALSE
	EndGlobalSection
	GlobalSection(ExtensibilityGlobals) = postSolution
		SolutionGuid = {B0C9131D-200D-455F-9F24-B6DBAA2E3C20}
	EndGlobalSection
EndGlobal
